
Microsoft Visual Studio Solution File, Format Version 12.00
# Visual Studio Version 17
VisualStudioVersion = 17.2.32516.85
MinimumVisualStudioVersion = 10.0.40219.1
Project("{FAE04EC0-301F-11D3-BF4B-00C04F79EFBC}") = "Way of the shield", "Way of the shield\Way of the shield.csproj", "{F538D4D2-9D4A-4259-BF4E-03D962C617BB}"
EndProject
Global
	GlobalSection(SolutionConfigurationPlatforms) = preSolution
		Debug|Any CPU = Debug|Any CPU
		Release|Any CPU = Release|Any CPU
	EndGlobalSection
	GlobalSection(ProjectConfigurationPlatforms) = postSolution
		{F538D4D2-9D4A-4259-BF4E-03D962C617BB}.Debug|Any CPU.ActiveCfg = Debug|Any CPU
		{F538D4D2-9D4A-4259-BF4E-03D962C617BB}.Debug|Any CPU.Build.0 = Debug|Any CPU
		{F538D4D2-9D4A-4259-BF4E-03D962C617BB}.Release|Any CPU.ActiveCfg = Release|Any CPU
		{F538D4D2-9D4A-4259-BF4E-03D962C617BB}.Release|Any CPU.Build.0 = Release|Any CPU
	EndGlobalSection
	GlobalSection(SolutionProperties) = preSolution
		HideSolutionNode = FALSE
	EndGlobalSection
	GlobalSection(ExtensibilityGlobals) = postSolution
		SolutionGuid = {B28AF25D-F874-4EEE-8A1D-EC51134F4CD7}
	EndGlobalSection
EndGlobal
